PODS:
  - Alamofire (1.2.3)
  - IYLoginItem (0.1)
  - PFAboutWindow (1.0.0)
  - Sparkle (1.9.0)
  - SwiftyJSON (2.2.0)
  - SwiftyTimer (1.0.0)

DEPENDENCIES:
  - Alamofire (from `https://github.com/Alamofire/Alamofire.git`, branch `swift-2.0`)
  - IYLoginItem
  - PFAboutWindow (from `https://github.com/perfaram/PFAboutWindow.git`)
  - Sparkle
  - SwiftyJSON (from `https://github.com/SwiftyJSON/SwiftyJSON.git`, branch `xcode7`)
  - SwiftyTimer

EXTERNAL SOURCES:
  Alamofire:
    :branch: swift-2.0
    :git: https://github.com/Alamofire/Alamofire.git
  PFAboutWindow:
    :git: https://github.com/perfaram/PFAboutWindow.git
  SwiftyJSON:
    :branch: xcode7
    :git: https://github.com/SwiftyJSON/SwiftyJSON.git

CHECKOUT OPTIONS:
  Alamofire:
    :commit: fd71afb3a0af2042b9f05a6b9f29317ad4903703
    :git: https://github.com/Alamofire/Alamofire.git
  PFAboutWindow:
    :commit: dbd1febe06aae6f4c963ba81eafc07af167f5183
    :git: https://github.com/perfaram/PFAboutWindow.git
  SwiftyJSON:
    :commit: 999ae8340492d6e9b42f28f332cbd591509de079
    :git: https://github.com/SwiftyJSON/SwiftyJSON.git

SPEC CHECKSUMS:
  Alamofire: 5550bf0b575ed1a4bf9be572f9463e1015cc169e
  IYLoginItem: e57a86b39d3b9ab0e2fc033adedae01efafd9adf
  PFAboutWindow: f9d738d4921c4e669b79bf54bf05332e7553c9ad
  Sparkle: 75bbbc5ab2d666f7f77c241afe7fd28364a8f9f7
  SwiftyJSON: 0b3e6c07af17ff745e77e8e9984097b55c956e5c
  SwiftyTimer: 148d0dcffb1591dff6c2b872fa78920791e0ceea

COCOAPODS: 0.38.0
