// !$*UTF8*$!
{
	archiveVersion = 1;
	classes = {
	};
	objectVersion = 46;
	objects = {

/* Begin PBXBuildFile section */
		3500788DED964CC8E95C8859 /* Pods_catchmybus.framework in Frameworks */ = {isa = PBXBuildFile; fileRef = 54A7C3BE161D884E94D8D645 /* Pods_catchmybus.framework */; settings = {ATTRIBUTES = (Weak, ); }; };
		392024971B01061F00E14E60 /* DVBAPI.swift in Sources */ = {isa = PBXBuildFile; fileRef = 392024961B01061F00E14E60 /* DVBAPI.swift */; };
		392024991B01123500E14E60 /* Constants.swift in Sources */ = {isa = PBXBuildFile; fileRef = 392024981B01123500E14E60 /* Constants.swift */; };
		3920249B1B01388900E14E60 /* MenuController.swift in Sources */ = {isa = PBXBuildFile; fileRef = 3920249A1B01388900E14E60 /* MenuController.swift */; };
		3920249D1B013B6200E14E60 /* AboutWindowController.swift in Sources */ = {isa = PBXBuildFile; fileRef = 3920249C1B013B6200E14E60 /* AboutWindowController.swift */; };
		392024A31B01441E00E14E60 /* SettingsWindowController.swift in Sources */ = {isa = PBXBuildFile; fileRef = 392024A11B01441E00E14E60 /* SettingsWindowController.swift */; };
		392024A41B01441E00E14E60 /* SettingsWindowController.xib in Resources */ = {isa = PBXBuildFile; fileRef = 392024A21B01441E00E14E60 /* SettingsWindowController.xib */; };
		392024A71B0155D400E14E60 /* NotificationController.swift in Sources */ = {isa = PBXBuildFile; fileRef = 392024A61B0155D400E14E60 /* NotificationController.swift */; };
		3936DE401AF7E2FE005E2FB1 /* dsa_pub.pem in Resources */ = {isa = PBXBuildFile; fileRef = 3936DE3F1AF7E2FE005E2FB1 /* dsa_pub.pem */; };
		395C30001A656AD100769476 /* ConnectionManager.swift in Sources */ = {isa = PBXBuildFile; fileRef = 395C2FFF1A656AD100769476 /* ConnectionManager.swift */; };
		3972789A1A1800140051C208 /* ConnectionMenuItem.swift in Sources */ = {isa = PBXBuildFile; fileRef = 397278991A1800140051C208 /* ConnectionMenuItem.swift */; };
		39A5AE431A160A6A0044396A /* Connection.swift in Sources */ = {isa = PBXBuildFile; fileRef = 39A5AE421A160A6A0044396A /* Connection.swift */; };
		39A7305D1B09CF9F0040068E /* Localizable.strings in Resources */ = {isa = PBXBuildFile; fileRef = 39A7305C1B09CF9F0040068E /* Localizable.strings */; };
		39F3063B1A11B0D500CEAE43 /* AppDelegate.swift in Sources */ = {isa = PBXBuildFile; fileRef = 39F3063A1A11B0D500CEAE43 /* AppDelegate.swift */; };
		39F3063D1A11B0D500CEAE43 /* Images.xcassets in Resources */ = {isa = PBXBuildFile; fileRef = 39F3063C1A11B0D500CEAE43 /* Images.xcassets */; };
		39F306401A11B0D500CEAE43 /* MainMenu.xib in Resources */ = {isa = PBXBuildFile; fileRef = 39F3063E1A11B0D500CEAE43 /* MainMenu.xib */; };
		39F3064C1A11B0D500CEAE43 /* catchmybusTests.swift in Sources */ = {isa = PBXBuildFile; fileRef = 39F3064B1A11B0D500CEAE43 /* catchmybusTests.swift */; };
/* End PBXBuildFile section */

/* Begin PBXContainerItemProxy section */
		39F306461A11B0D500CEAE43 /* PBXContainerItemProxy */ = {
			isa = PBXContainerItemProxy;
			containerPortal = 39F3062D1A11B0D500CEAE43 /* Project object */;
			proxyType = 1;
			remoteGlobalIDString = 39F306341A11B0D500CEAE43;
			remoteInfo = catchmybus;
		};
/* End PBXContainerItemProxy section */

/* Begin PBXCopyFilesBuildPhase section */
		3923C62F1A1273EC00E8BA7E /* Copy Frameworks */ = {
			isa = PBXCopyFilesBuildPhase;
			buildActionMask = 2147483647;
			dstPath = "";
			dstSubfolderSpec = 10;
			files = (
			);
			name = "Copy Frameworks";
			runOnlyForDeploymentPostprocessing = 0;
		};
/* End PBXCopyFilesBuildPhase section */

/* Begin PBXFileReference section */
		37A1DAE7C31B5C370159CE35 /* Pods-catchmybus.release.xcconfig */ = {isa = PBXFileReference; includeInIndex = 1; lastKnownFileType = text.xcconfig; name = "Pods-catchmybus.release.xcconfig"; path = "Pods/Target Support Files/Pods-catchmybus/Pods-catchmybus.release.xcconfig"; sourceTree = "<group>"; };
		392024961B01061F00E14E60 /* DVBAPI.swift */ = {isa = PBXFileReference; fileEncoding = 4; lastKnownFileType = sourcecode.swift; path = DVBAPI.swift; sourceTree = "<group>"; };
		392024981B01123500E14E60 /* Constants.swift */ = {isa = PBXFileReference; fileEncoding = 4; lastKnownFileType = sourcecode.swift; path = Constants.swift; sourceTree = "<group>"; };
		3920249A1B01388900E14E60 /* MenuController.swift */ = {isa = PBXFileReference; fileEncoding = 4; lastKnownFileType = sourcecode.swift; path = MenuController.swift; sourceTree = "<group>"; };
		3920249C1B013B6200E14E60 /* AboutWindowController.swift */ = {isa = PBXFileReference; fileEncoding = 4; lastKnownFileType = sourcecode.swift; path = AboutWindowController.swift; sourceTree = "<group>"; };
		392024A11B01441E00E14E60 /* SettingsWindowController.swift */ = {isa = PBXFileReference; fileEncoding = 4; lastKnownFileType = sourcecode.swift; path = SettingsWindowController.swift; sourceTree = "<group>"; };
		392024A21B01441E00E14E60 /* SettingsWindowController.xib */ = {isa = PBXFileReference; fileEncoding = 4; lastKnownFileType = file.xib; path = SettingsWindowController.xib; sourceTree = "<group>"; };
		392024A61B0155D400E14E60 /* NotificationController.swift */ = {isa = PBXFileReference; fileEncoding = 4; lastKnownFileType = sourcecode.swift; path = NotificationController.swift; sourceTree = "<group>"; };
		3936DE3F1AF7E2FE005E2FB1 /* dsa_pub.pem */ = {isa = PBXFileReference; fileEncoding = 4; lastKnownFileType = text; name = dsa_pub.pem; path = ../dsa_pub.pem; sourceTree = "<group>"; };
		395C2FFF1A656AD100769476 /* ConnectionManager.swift */ = {isa = PBXFileReference; fileEncoding = 4; lastKnownFileType = sourcecode.swift; path = ConnectionManager.swift; sourceTree = "<group>"; };
		397278991A1800140051C208 /* ConnectionMenuItem.swift */ = {isa = PBXFileReference; fileEncoding = 4; lastKnownFileType = sourcecode.swift; path = ConnectionMenuItem.swift; sourceTree = "<group>"; };
		39A5AE421A160A6A0044396A /* Connection.swift */ = {isa = PBXFileReference; fileEncoding = 4; lastKnownFileType = sourcecode.swift; path = Connection.swift; sourceTree = "<group>"; };
		39A7305C1B09CF9F0040068E /* Localizable.strings */ = {isa = PBXFileReference; fileEncoding = 4; lastKnownFileType = text.plist.strings; path = Localizable.strings; sourceTree = "<group>"; };
		39F306351A11B0D500CEAE43 /* catchmybus.app */ = {isa = PBXFileReference; explicitFileType = wrapper.application; includeInIndex = 0; path = catchmybus.app; sourceTree = BUILT_PRODUCTS_DIR; };
		39F306391A11B0D500CEAE43 /* Info.plist */ = {isa = PBXFileReference; lastKnownFileType = text.plist.xml; path = Info.plist; sourceTree = "<group>"; };
		39F3063A1A11B0D500CEAE43 /* AppDelegate.swift */ = {isa = PBXFileReference; lastKnownFileType = sourcecode.swift; path = AppDelegate.swift; sourceTree = "<group>"; };
		39F3063C1A11B0D500CEAE43 /* Images.xcassets */ = {isa = PBXFileReference; lastKnownFileType = folder.assetcatalog; path = Images.xcassets; sourceTree = "<group>"; };
		39F3063F1A11B0D500CEAE43 /* Base */ = {isa = PBXFileReference; lastKnownFileType = file.xib; name = Base; path = Base.lproj/MainMenu.xib; sourceTree = "<group>"; };
		39F306451A11B0D500CEAE43 /* catchmybusTests.xctest */ = {isa = PBXFileReference; explicitFileType = wrapper.cfbundle; includeInIndex = 0; path = catchmybusTests.xctest; sourceTree = BUILT_PRODUCTS_DIR; };
		39F3064A1A11B0D500CEAE43 /* Info.plist */ = {isa = PBXFileReference; lastKnownFileType = text.plist.xml; path = Info.plist; sourceTree = "<group>"; };
		39F3064B1A11B0D500CEAE43 /* catchmybusTests.swift */ = {isa = PBXFileReference; lastKnownFileType = sourcecode.swift; path = catchmybusTests.swift; sourceTree = "<group>"; };
		54A7C3BE161D884E94D8D645 /* Pods_catchmybus.framework */ = {isa = PBXFileReference; explicitFileType = wrapper.framework; includeInIndex = 0; path = Pods_catchmybus.framework; sourceTree = BUILT_PRODUCTS_DIR; };
		F41E470E9735676ED10B492A /* Pods-catchmybus.debug.xcconfig */ = {isa = PBXFileReference; includeInIndex = 1; lastKnownFileType = text.xcconfig; name = "Pods-catchmybus.debug.xcconfig"; path = "Pods/Target Support Files/Pods-catchmybus/Pods-catchmybus.debug.xcconfig"; sourceTree = "<group>"; };
/* End PBXFileReference section */

/* Begin PBXFrameworksBuildPhase section */
		39F306321A11B0D500CEAE43 /* Frameworks */ = {
			isa = PBXFrameworksBuildPhase;
			buildActionMask = 2147483647;
			files = (
				3500788DED964CC8E95C8859 /* Pods_catchmybus.framework in Frameworks */,
			);
			runOnlyForDeploymentPostprocessing = 0;
		};
		39F306421A11B0D500CEAE43 /* Frameworks */ = {
			isa = PBXFrameworksBuildPhase;
			buildActionMask = 2147483647;
			files = (
			);
			runOnlyForDeploymentPostprocessing = 0;
		};
/* End PBXFrameworksBuildPhase section */

/* Begin PBXGroup section */
		35A0762D54645E598D9494D6 /* Pods */ = {
			isa = PBXGroup;
			children = (
				F41E470E9735676ED10B492A /* Pods-catchmybus.debug.xcconfig */,
				37A1DAE7C31B5C370159CE35 /* Pods-catchmybus.release.xcconfig */,
			);
			name = Pods;
			sourceTree = "<group>";
		};
		3920249E1B0142CF00E14E60 /* Connections */ = {
			isa = PBXGroup;
			children = (
				395C2FFF1A656AD100769476 /* ConnectionManager.swift */,
				39A5AE421A160A6A0044396A /* Connection.swift */,
			);
			name = Connections;
			sourceTree = "<group>";
		};
		3920249F1B0142D700E14E60 /* NSMenu */ = {
			isa = PBXGroup;
			children = (
				3920249A1B01388900E14E60 /* MenuController.swift */,
				397278991A1800140051C208 /* ConnectionMenuItem.swift */,
			);
			name = NSMenu;
			sourceTree = "<group>";
		};
		392024A01B0142EA00E14E60 /* About Window */ = {
			isa = PBXGroup;
			children = (
				3920249C1B013B6200E14E60 /* AboutWindowController.swift */,
			);
			name = "About Window";
			sourceTree = "<group>";
		};
		392024A51B01445900E14E60 /* Settings Window */ = {
			isa = PBXGroup;
			children = (
				392024A11B01441E00E14E60 /* SettingsWindowController.swift */,
				392024A21B01441E00E14E60 /* SettingsWindowController.xib */,
			);
			name = "Settings Window";
			sourceTree = "<group>";
		};
		392024A81B015BE300E14E60 /* User Notifications */ = {
			isa = PBXGroup;
			children = (
				392024A61B0155D400E14E60 /* NotificationController.swift */,
			);
			name = "User Notifications";
			sourceTree = "<group>";
		};
		39F3062C1A11B0D500CEAE43 = {
			isa = PBXGroup;
			children = (
				39F306371A11B0D500CEAE43 /* catchmybus */,
				39F306481A11B0D500CEAE43 /* catchmybusTests */,
				39F306361A11B0D500CEAE43 /* Products */,
				35A0762D54645E598D9494D6 /* Pods */,
				526C9F337D0BEA297946ECCC /* Frameworks */,
			);
			sourceTree = "<group>";
		};
		39F306361A11B0D500CEAE43 /* Products */ = {
			isa = PBXGroup;
			children = (
				39F306351A11B0D500CEAE43 /* catchmybus.app */,
				39F306451A11B0D500CEAE43 /* catchmybusTests.xctest */,
			);
			name = Products;
			sourceTree = "<group>";
		};
		39F306371A11B0D500CEAE43 /* catchmybus */ = {
			isa = PBXGroup;
			children = (
				39F3063A1A11B0D500CEAE43 /* AppDelegate.swift */,
				39A7305C1B09CF9F0040068E /* Localizable.strings */,
				392024981B01123500E14E60 /* Constants.swift */,
				392024961B01061F00E14E60 /* DVBAPI.swift */,
				3920249E1B0142CF00E14E60 /* Connections */,
				3920249F1B0142D700E14E60 /* NSMenu */,
				392024A51B01445900E14E60 /* Settings Window */,
				392024A01B0142EA00E14E60 /* About Window */,
				392024A81B015BE300E14E60 /* User Notifications */,
				39F3063C1A11B0D500CEAE43 /* Images.xcassets */,
				39F3063E1A11B0D500CEAE43 /* MainMenu.xib */,
				39F306381A11B0D500CEAE43 /* Supporting Files */,
			);
			path = catchmybus;
			sourceTree = "<group>";
		};
		39F306381A11B0D500CEAE43 /* Supporting Files */ = {
			isa = PBXGroup;
			children = (
				3936DE3F1AF7E2FE005E2FB1 /* dsa_pub.pem */,
				39F306391A11B0D500CEAE43 /* Info.plist */,
			);
			name = "Supporting Files";
			sourceTree = "<group>";
		};
		39F306481A11B0D500CEAE43 /* catchmybusTests */ = {
			isa = PBXGroup;
			children = (
				39F3064B1A11B0D500CEAE43 /* catchmybusTests.swift */,
				39F306491A11B0D500CEAE43 /* Supporting Files */,
			);
			path = catchmybusTests;
			sourceTree = "<group>";
		};
		39F306491A11B0D500CEAE43 /* Supporting Files */ = {
			isa = PBXGroup;
			children = (
				39F3064A1A11B0D500CEAE43 /* Info.plist */,
			);
			name = "Supporting Files";
			sourceTree = "<group>";
		};
		526C9F337D0BEA297946ECCC /* Frameworks */ = {
			isa = PBXGroup;
			children = (
				54A7C3BE161D884E94D8D645 /* Pods_catchmybus.framework */,
			);
			name = Frameworks;
			sourceTree = "<group>";
		};
/* End PBXGroup section */

/* Begin PBXNativeTarget section */
		39F306341A11B0D500CEAE43 /* catchmybus */ = {
			isa = PBXNativeTarget;
			buildConfigurationList = 39F3064F1A11B0D500CEAE43 /* Build configuration list for PBXNativeTarget "catchmybus" */;
			buildPhases = (
				314D721CA7E6C656D8BC1D6E /* Check Pods Manifest.lock */,
				39F306311A11B0D500CEAE43 /* Sources */,
				39F306321A11B0D500CEAE43 /* Frameworks */,
				39F306331A11B0D500CEAE43 /* Resources */,
				3923C62F1A1273EC00E8BA7E /* Copy Frameworks */,
				0C0881EC93CD934DCDCF8060 /* Copy Pods Resources */,
				39DD2B1D1AF7D6EF0026CD51 /* ShellScript */,
				4FF79AD97FDB6853112B3347 /* Embed Pods Frameworks */,
			);
			buildRules = (
			);
			dependencies = (
			);
			name = catchmybus;
			productName = catchmybus;
			productReference = 39F306351A11B0D500CEAE43 /* catchmybus.app */;
			productType = "com.apple.product-type.application";
		};
		39F306441A11B0D500CEAE43 /* catchmybusTests */ = {
			isa = PBXNativeTarget;
			buildConfigurationList = 39F306521A11B0D500CEAE43 /* Build configuration list for PBXNativeTarget "catchmybusTests" */;
			buildPhases = (
				39F306411A11B0D500CEAE43 /* Sources */,
				39F306421A11B0D500CEAE43 /* Frameworks */,
				39F306431A11B0D500CEAE43 /* Resources */,
			);
			buildRules = (
			);
			dependencies = (
				39F306471A11B0D500CEAE43 /* PBXTargetDependency */,
			);
			name = catchmybusTests;
			productName = catchmybusTests;
			productReference = 39F306451A11B0D500CEAE43 /* catchmybusTests.xctest */;
			productType = "com.apple.product-type.bundle.unit-test";
		};
/* End PBXNativeTarget section */

/* Begin PBXProject section */
		39F3062D1A11B0D500CEAE43 /* Project object */ = {
			isa = PBXProject;
			attributes = {
				LastUpgradeCheck = 0610;
				ORGANIZATIONNAME = "Kilian Koeltzsch";
				TargetAttributes = {
					39F306341A11B0D500CEAE43 = {
						CreatedOnToolsVersion = 6.1;
						DevelopmentTeam = HU85FER47E;
						SystemCapabilities = {
							com.apple.Sandbox = {
								enabled = 0;
							};
						};
					};
					39F306441A11B0D500CEAE43 = {
						CreatedOnToolsVersion = 6.1;
						TestTargetID = 39F306341A11B0D500CEAE43;
					};
				};
			};
			buildConfigurationList = 39F306301A11B0D500CEAE43 /* Build configuration list for PBXProject "catchmybus" */;
			compatibilityVersion = "Xcode 3.2";
			developmentRegion = English;
			hasScannedForEncodings = 0;
			knownRegions = (
				en,
				Base,
			);
			mainGroup = 39F3062C1A11B0D500CEAE43;
			productRefGroup = 39F306361A11B0D500CEAE43 /* Products */;
			projectDirPath = "";
			projectRoot = "";
			targets = (
				39F306341A11B0D500CEAE43 /* catchmybus */,
				39F306441A11B0D500CEAE43 /* catchmybusTests */,
			);
		};
/* End PBXProject section */

/* Begin PBXResourcesBuildPhase section */
		39F306331A11B0D500CEAE43 /* Resources */ = {
			isa = PBXResourcesBuildPhase;
			buildActionMask = 2147483647;
			files = (
				39A7305D1B09CF9F0040068E /* Localizable.strings in Resources */,
				39F3063D1A11B0D500CEAE43 /* Images.xcassets in Resources */,
				3936DE401AF7E2FE005E2FB1 /* dsa_pub.pem in Resources */,
				392024A41B01441E00E14E60 /* SettingsWindowController.xib in Resources */,
				39F306401A11B0D500CEAE43 /* MainMenu.xib in Resources */,
			);
			runOnlyForDeploymentPostprocessing = 0;
		};
		39F306431A11B0D500CEAE43 /* Resources */ = {
			isa = PBXResourcesBuildPhase;
			buildActionMask = 2147483647;
			files = (
			);
			runOnlyForDeploymentPostprocessing = 0;
		};
/* End PBXResourcesBuildPhase section */

/* Begin PBXShellScriptBuildPhase section */
		0C0881EC93CD934DCDCF8060 /* Copy Pods Resources */ = {
			isa = PBXShellScriptBuildPhase;
			buildActionMask = 2147483647;
			files = (
			);
			inputPaths = (
			);
			name = "Copy Pods Resources";
			outputPaths = (
			);
			runOnlyForDeploymentPostprocessing = 0;
			shellPath = /bin/sh;
			shellScript = "\"${SRCROOT}/Pods/Target Support Files/Pods-catchmybus/Pods-catchmybus-resources.sh\"\n";
			showEnvVarsInLog = 0;
		};
		314D721CA7E6C656D8BC1D6E /* Check Pods Manifest.lock */ = {
			isa = PBXShellScriptBuildPhase;
			buildActionMask = 2147483647;
			files = (
			);
			inputPaths = (
			);
			name = "Check Pods Manifest.lock";
			outputPaths = (
			);
			runOnlyForDeploymentPostprocessing = 0;
			shellPath = /bin/sh;
			shellScript = "diff \"${PODS_ROOT}/../Podfile.lock\" \"${PODS_ROOT}/Manifest.lock\" > /dev/null\nif [[ $? != 0 ]] ; then\n    cat << EOM\nerror: The sandbox is not in sync with the Podfile.lock. Run 'pod install' or update your CocoaPods installation.\nEOM\n    exit 1\nfi\n";
			showEnvVarsInLog = 0;
		};
		39DD2B1D1AF7D6EF0026CD51 /* ShellScript */ = {
			isa = PBXShellScriptBuildPhase;
			buildActionMask = 2147483647;
			files = (
			);
			inputPaths = (
			);
			outputPaths = (
			);
			runOnlyForDeploymentPostprocessing = 0;
			shellPath = /bin/sh;
			shellScript = "LOCATION=\"${BUILT_PRODUCTS_DIR}\"/\"${FRAMEWORKS_FOLDER_PATH}\"\n\n# Usually set by Xcode\nCODE_SIGN_IDENTITY=\"Kilian Koeltzsch\"\n\ncodesign --verbose --force --sign \"$CODE_SIGN_IDENTITY\" \"$LOCATION/Sparkle.framework/Versions/A\"";
		};
		4FF79AD97FDB6853112B3347 /* Embed Pods Frameworks */ = {
			isa = PBXShellScriptBuildPhase;
			buildActionMask = 2147483647;
			files = (
			);
			inputPaths = (
			);
			name = "Embed Pods Frameworks";
			outputPaths = (
			);
			runOnlyForDeploymentPostprocessing = 0;
			shellPath = /bin/sh;
			shellScript = "\"${SRCROOT}/Pods/Target Support Files/Pods-catchmybus/Pods-catchmybus-frameworks.sh\"\n";
			showEnvVarsInLog = 0;
		};
/* End PBXShellScriptBuildPhase section */

/* Begin PBXSourcesBuildPhase section */
		39F306311A11B0D500CEAE43 /* Sources */ = {
			isa = PBXSourcesBuildPhase;
			buildActionMask = 2147483647;
			files = (
				392024A71B0155D400E14E60 /* NotificationController.swift in Sources */,
				395C30001A656AD100769476 /* ConnectionManager.swift in Sources */,
				392024A31B01441E00E14E60 /* SettingsWindowController.swift in Sources */,
				39F3063B1A11B0D500CEAE43 /* AppDelegate.swift in Sources */,
				39A5AE431A160A6A0044396A /* Connection.swift in Sources */,
				3972789A1A1800140051C208 /* ConnectionMenuItem.swift in Sources */,
				392024971B01061F00E14E60 /* DVBAPI.swift in Sources */,
				3920249D1B013B6200E14E60 /* AboutWindowController.swift in Sources */,
				392024991B01123500E14E60 /* Constants.swift in Sources */,
				3920249B1B01388900E14E60 /* MenuController.swift in Sources */,
			);
			runOnlyForDeploymentPostprocessing = 0;
		};
		39F306411A11B0D500CEAE43 /* Sources */ = {
			isa = PBXSourcesBuildPhase;
			buildActionMask = 2147483647;
			files = (
				39F3064C1A11B0D500CEAE43 /* catchmybusTests.swift in Sources */,
			);
			runOnlyForDeploymentPostprocessing = 0;
		};
/* End PBXSourcesBuildPhase section */

/* Begin PBXTargetDependency section */
		39F306471A11B0D500CEAE43 /* PBXTargetDependency */ = {
			isa = PBXTargetDependency;
			target = 39F306341A11B0D500CEAE43 /* catchmybus */;
			targetProxy = 39F306461A11B0D500CEAE43 /* PBXContainerItemProxy */;
		};
/* End PBXTargetDependency section */

/* Begin PBXVariantGroup section */
		39F3063E1A11B0D500CEAE43 /* MainMenu.xib */ = {
			isa = PBXVariantGroup;
			children = (
				39F3063F1A11B0D500CEAE43 /* Base */,
			);
			name = MainMenu.xib;
			sourceTree = "<group>";
		};
/* End PBXVariantGroup section */

/* Begin XCBuildConfiguration section */
		39F3064D1A11B0D500CEAE43 /* Debug */ = {
			isa = XCBuildConfiguration;
			buildSettings = {
				ALWAYS_SEARCH_USER_PATHS = NO;
				CLANG_CXX_LANGUAGE_STANDARD = "gnu++0x";
				CLANG_CXX_LIBRARY = "libc++";
				CLANG_ENABLE_MODULES = YES;
				CLANG_ENABLE_OBJC_ARC = YES;
				CLANG_WARN_BOOL_CONVERSION = YES;
				CLANG_WARN_CONSTANT_CONVERSION = YES;
				CLANG_WARN_DIRECT_OBJC_ISA_USAGE = YES_ERROR;
				CLANG_WARN_EMPTY_BODY = YES;
				CLANG_WARN_ENUM_CONVERSION = YES;
				CLANG_WARN_INT_CONVERSION = YES;
				CLANG_WARN_OBJC_ROOT_CLASS = YES_ERROR;
				CLANG_WARN_UNREACHABLE_CODE = YES;
				CLANG_WARN__DUPLICATE_METHOD_MATCH = YES;
				CODE_SIGN_IDENTITY = "-";
				COPY_PHASE_STRIP = NO;
				ENABLE_STRICT_OBJC_MSGSEND = YES;
				GCC_C_LANGUAGE_STANDARD = gnu99;
				GCC_DYNAMIC_NO_PIC = NO;
				GCC_OPTIMIZATION_LEVEL = 0;
				GCC_PREPROCESSOR_DEFINITIONS = (
					"DEBUG=1",
					"$(inherited)",
				);
				GCC_SYMBOLS_PRIVATE_EXTERN = NO;
				GCC_WARN_64_TO_32_BIT_CONVERSION = YES;
				GCC_WARN_ABOUT_RETURN_TYPE = YES_ERROR;
				GCC_WARN_UNDECLARED_SELECTOR = YES;
				GCC_WARN_UNINITIALIZED_AUTOS = YES_AGGRESSIVE;
				GCC_WARN_UNUSED_FUNCTION = YES;
				GCC_WARN_UNUSED_VARIABLE = YES;
				MACOSX_DEPLOYMENT_TARGET = 10.10;
				MTL_ENABLE_DEBUG_INFO = YES;
				ONLY_ACTIVE_ARCH = YES;
				SDKROOT = macosx;
				SWIFT_OPTIMIZATION_LEVEL = "-Onone";
			};
			name = Debug;
		};
		39F3064E1A11B0D500CEAE43 /* Release */ = {
			isa = XCBuildConfiguration;
			buildSettings = {
				ALWAYS_SEARCH_USER_PATHS = NO;
				CLANG_CXX_LANGUAGE_STANDARD = "gnu++0x";
				CLANG_CXX_LIBRARY = "libc++";
				CLANG_ENABLE_MODULES = YES;
				CLANG_ENABLE_OBJC_ARC = YES;
				CLANG_WARN_BOOL_CONVERSION = YES;
				CLANG_WARN_CONSTANT_CONVERSION = YES;
				CLANG_WARN_DIRECT_OBJC_ISA_USAGE = YES_ERROR;
				CLANG_WARN_EMPTY_BODY = YES;
				CLANG_WARN_ENUM_CONVERSION = YES;
				CLANG_WARN_INT_CONVERSION = YES;
				CLANG_WARN_OBJC_ROOT_CLASS = YES_ERROR;
				CLANG_WARN_UNREACHABLE_CODE = YES;
				CLANG_WARN__DUPLICATE_METHOD_MATCH = YES;
				CODE_SIGN_IDENTITY = "-";
				COPY_PHASE_STRIP = YES;
				DEBUG_INFORMATION_FORMAT = "dwarf-with-dsym";
				ENABLE_NS_ASSERTIONS = NO;
				ENABLE_STRICT_OBJC_MSGSEND = YES;
				GCC_C_LANGUAGE_STANDARD = gnu99;
				GCC_WARN_64_TO_32_BIT_CONVERSION = YES;
				GCC_WARN_ABOUT_RETURN_TYPE = YES_ERROR;
				GCC_WARN_UNDECLARED_SELECTOR = YES;
				GCC_WARN_UNINITIALIZED_AUTOS = YES_AGGRESSIVE;
				GCC_WARN_UNUSED_FUNCTION = YES;
				GCC_WARN_UNUSED_VARIABLE = YES;
				MACOSX_DEPLOYMENT_TARGET = 10.10;
				MTL_ENABLE_DEBUG_INFO = NO;
				SDKROOT = macosx;
			};
			name = Release;
		};
		39F306501A11B0D500CEAE43 /* Debug */ = {
			isa = XCBuildConfiguration;
			baseConfigurationReference = F41E470E9735676ED10B492A /* Pods-catchmybus.debug.xcconfig */;
			buildSettings = {
				ASSETCATALOG_COMPILER_APPICON_NAME = AppIcon;
				COMBINE_HIDPI_IMAGES = YES;
				INFOPLIST_FILE = catchmybus/Info.plist;
				LD_RUNPATH_SEARCH_PATHS = "$(inherited) @executable_path/../Frameworks";
				MACOSX_DEPLOYMENT_TARGET = 10.10;
				PRODUCT_NAME = "$(TARGET_NAME)";
				SWIFT_OBJC_BRIDGING_HEADER = "";
			};
			name = Debug;
		};
		39F306511A11B0D500CEAE43 /* Release */ = {
			isa = XCBuildConfiguration;
			baseConfigurationReference = 37A1DAE7C31B5C370159CE35 /* Pods-catchmybus.release.xcconfig */;
			buildSettings = {
				ASSETCATALOG_COMPILER_APPICON_NAME = AppIcon;
				COMBINE_HIDPI_IMAGES = YES;
				INFOPLIST_FILE = catchmybus/Info.plist;
				LD_RUNPATH_SEARCH_PATHS = "$(inherited) @executable_path/../Frameworks";
				MACOSX_DEPLOYMENT_TARGET = 10.10;
				PRODUCT_NAME = "$(TARGET_NAME)";
				SWIFT_OBJC_BRIDGING_HEADER = "";
			};
			name = Release;
		};
		39F306531A11B0D500CEAE43 /* Debug */ = {
			isa = XCBuildConfiguration;
			buildSettings = {
				BUNDLE_LOADER = "$(TEST_HOST)";
				COMBINE_HIDPI_IMAGES = YES;
				FRAMEWORK_SEARCH_PATHS = (
					"$(DEVELOPER_FRAMEWORKS_DIR)",
					"$(inherited)",
				);
				GCC_PREPROCESSOR_DEFINITIONS = (
					"DEBUG=1",
					"$(inherited)",
				);
				INFOPLIST_FILE = catchmybusTests/Info.plist;
				LD_RUNPATH_SEARCH_PATHS = "$(inherited) @executable_path/../Frameworks @loader_path/../Frameworks";
				PRODUCT_NAME = "$(TARGET_NAME)";
				TEST_HOST = "$(BUILT_PRODUCTS_DIR)/catchmybus.app/Contents/MacOS/catchmybus";
			};
			name = Debug;
		};
		39F306541A11B0D500CEAE43 /* Release */ = {
			isa = XCBuildConfiguration;
			buildSettings = {
				BUNDLE_LOADER = "$(TEST_HOST)";
				COMBINE_HIDPI_IMAGES = YES;
				FRAMEWORK_SEARCH_PATHS = (
					"$(DEVELOPER_FRAMEWORKS_DIR)",
					"$(inherited)",
				);
				INFOPLIST_FILE = catchmybusTests/Info.plist;
				LD_RUNPATH_SEARCH_PATHS = "$(inherited) @executable_path/../Frameworks @loader_path/../Frameworks";
				PRODUCT_NAME = "$(TARGET_NAME)";
				TEST_HOST = "$(BUILT_PRODUCTS_DIR)/catchmybus.app/Contents/MacOS/catchmybus";
			};
			name = Release;
		};
/* End XCBuildConfiguration section */

/* Begin XCConfigurationList section */
		39F306301A11B0D500CEAE43 /* Build configuration list for PBXProject "catchmybus" */ = {
			isa = XCConfigurationList;
			buildConfigurations = (
				39F3064D1A11B0D500CEAE43 /* Debug */,
				39F3064E1A11B0D500CEAE43 /* Release */,
			);
			defaultConfigurationIsVisible = 0;
			defaultConfigurationName = Release;
		};
		39F3064F1A11B0D500CEAE43 /* Build configuration list for PBXNativeTarget "catchmybus" */ = {
			isa = XCConfigurationList;
			buildConfigurations = (
				39F306501A11B0D500CEAE43 /* Debug */,
				39F306511A11B0D500CEAE43 /* Release */,
			);
			defaultConfigurationIsVisible = 0;
			defaultConfigurationName = Release;
		};
		39F306521A11B0D500CEAE43 /* Build configuration list for PBXNativeTarget "catchmybusTests" */ = {
			isa = XCConfigurationList;
			buildConfigurations = (
				39F306531A11B0D500CEAE43 /* Debug */,
				39F306541A11B0D500CEAE43 /* Release */,
			);
			defaultConfigurationIsVisible = 0;
			defaultConfigurationName = Release;
		};
/* End XCConfigurationList section */
	};
	rootObject = 39F3062D1A11B0D500CEAE43 /* Project object */;
}
